
Microsoft Visual Studio Solution File, Format Version 12.00
# Visual Studio Version 16
VisualStudioVersion = 16.0.31019.35
MinimumVisualStudioVersion = 10.0.40219.1
Project("{9A19103F-16F7-4668-BE54-9A1E7A4F7556}") = "TicTacToe", "TicTacToe.csproj", "{A5051C1C-EC30-4009-A37E-C3ADF67138F6}"
EndProject
Global
	GlobalSection(SolutionConfigurationPlatforms) = preSolution
		Debug|Any CPU = Debug|Any CPU
		Release|Any CPU = Release|Any CPU
	EndGlobalSection
	GlobalSection(ProjectConfigurationPlatforms) = postSolution
		{A5051C1C-EC30-4009-A37E-C3ADF67138F6}.Debug|Any CPU.ActiveCfg = Debug|Any CPU
		{A5051C1C-EC30-4009-A37E-C3ADF67138F6}.Debug|Any CPU.Build.0 = Debug|Any CPU
		{A5051C1C-EC30-4009-A37E-C3ADF67138F6}.Release|Any CPU.ActiveCfg = Release|Any CPU
		{A5051C1C-EC30-4009-A37E-C3ADF67138F6}.Release|Any CPU.Build.0 = Release|Any CPU
	EndGlobalSection
	GlobalSection(SolutionProperties) = preSolution
		HideSolutionNode = FALSE
	EndGlobalSection
	GlobalSection(ExtensibilityGlobals) = postSolution
		SolutionGuid = {2D93265C-9411-43B6-9A50-A9384676DC83}
	EndGlobalSection
EndGlobal
